
Microsoft Visual Studio Solution File, Format Version 12.00
# Visual Studio Version 17
VisualStudioVersion = 17.5.33516.290
MinimumVisualStudioVersion = 10.0.40219.1
Project("{FAE04EC0-301F-11D3-BF4B-00C04F79EFBC}") = "OlaMundo", "OlaMundo\OlaMundo.csproj", "{DFB3D2C8-1DDF-463F-B628-54DF71FE9D42}"
EndProject
Global
	GlobalSection(SolutionConfigurationPlatforms) = preSolution
		Debug|Any CPU = Debug|Any CPU
		Release|Any CPU = Release|Any CPU
	EndGlobalSection
	GlobalSection(ProjectConfigurationPlatforms) = postSolution
		{DFB3D2C8-1DDF-463F-B628-54DF71FE9D42}.Debug|Any CPU.ActiveCfg = Debug|Any CPU
		{DFB3D2C8-1DDF-463F-B628-54DF71FE9D42}.Debug|Any CPU.Build.0 = Debug|Any CPU
		{DFB3D2C8-1DDF-463F-B628-54DF71FE9D42}.Release|Any CPU.ActiveCfg = Release|Any CPU
		{DFB3D2C8-1DDF-463F-B628-54DF71FE9D42}.Release|Any CPU.Build.0 = Release|Any CPU
	EndGlobalSection
	GlobalSection(SolutionProperties) = preSolution
		HideSolutionNode = FALSE
	EndGlobalSection
	GlobalSection(ExtensibilityGlobals) = postSolution
		SolutionGuid = {3F0E0A76-5B1C-4A48-AA66-DFD0B66B9230}
	EndGlobalSection
EndGlobal
